
Microsoft Visual Studio Solution File, Format Version 12.00
# Visual Studio Version 17
VisualStudioVersion = 17.5.33530.505
MinimumVisualStudioVersion = 10.0.40219.1
Project("{FAE04EC0-301F-11D3-BF4B-00C04F79EFBC}") = "Ponvaljanje4Dzad8", "Ponvaljanje4Dzad8\Ponvaljanje4Dzad8.csproj", "{59F04409-BDF0-4727-860F-35EC1452B92C}"
EndProject
Global
	GlobalSection(SolutionConfigurationPlatforms) = preSolution
		Debug|Any CPU = Debug|Any CPU
		Release|Any CPU = Release|Any CPU
	EndGlobalSection
	GlobalSection(ProjectConfigurationPlatforms) = postSolution
		{59F04409-BDF0-4727-860F-35EC1452B92C}.Debug|Any CPU.ActiveCfg = Debug|Any CPU
		{59F04409-BDF0-4727-860F-35EC1452B92C}.Debug|Any CPU.Build.0 = Debug|Any CPU
		{59F04409-BDF0-4727-860F-35EC1452B92C}.Release|Any CPU.ActiveCfg = Release|Any CPU
		{59F04409-BDF0-4727-860F-35EC1452B92C}.Release|Any CPU.Build.0 = Release|Any CPU
	EndGlobalSection
	GlobalSection(SolutionProperties) = preSolution
		HideSolutionNode = FALSE
	EndGlobalSection
	GlobalSection(ExtensibilityGlobals) = postSolution
		SolutionGuid = {46F0F32C-C550-4FA6-8B1D-12A4B53F5526}
	EndGlobalSection
EndGlobal
